
Microsoft Visual Studio Solution File, Format Version 10.00
# Visual Studio 2008
Project("{8BC9CEB8-8B4A-11D0-8D11-00A0C91BC942}") = "Encryptor", "Encryptor\Encryptor.vcproj", "{BEE56DBF-3650-4946-826A-E565FCEC1AD7}"
	ProjectSection(ProjectDependencies) = postProject
		{874F704B-D433-4002-B2AE-BD8957DF6E89} = {874F704B-D433-4002-B2AE-BD8957DF6E89}
		{FDEE764F-8054-4DE7-9633-10EB026B1BEB} = {FDEE764F-8054-4DE7-9633-10EB026B1BEB}
		{89B42891-20D3-4AD4-90CC-AE225469C3F5} = {89B42891-20D3-4AD4-90CC-AE225469C3F5}
		{A5C77EA1-B6C7-450E-9658-53867FACE35C} = {A5C77EA1-B6C7-450E-9658-53867FACE35C}
		{48B30BAA-2107-410A-845C-CA3B63061C75} = {48B30BAA-2107-410A-845C-CA3B63061C75}
		{BD0851C8-764D-4668-B29C-D55425C32493} = {BD0851C8-764D-4668-B29C-D55425C32493}
		{28115BDA-4439-47C4-809B-D82E6373EC70} = {28115BDA-4439-47C4-809B-D82E6373EC70}
		{DB8B58F9-3301-4313-9492-FF705D53FDCF} = {DB8B58F9-3301-4313-9492-FF705D53FDCF}
	EndProjectSection
EndProject
Project("{8BC9CEB8-8B4A-11D0-8D11-00A0C91BC942}") = "MemDBLib", "MemDBLib\MemDBLib.vcproj", "{DB8B58F9-3301-4313-9492-FF705D53FDCF}"
EndProject
Project("{8BC9CEB8-8B4A-11D0-8D11-00A0C91BC942}") = "Utils", "Utils\Utils.vcproj", "{89B42891-20D3-4AD4-90CC-AE225469C3F5}"
EndProject
Project("{8BC9CEB8-8B4A-11D0-8D11-00A0C91BC942}") = "NetProtectorImpl", "NetProtectorImpl\NetProtectorImpl.vcproj", "{874F704B-D433-4002-B2AE-BD8957DF6E89}"
EndProject
Project("{8BC9CEB8-8B4A-11D0-8D11-00A0C91BC942}") = "NetParser", "NetParser\NetParser.vcproj", "{28115BDA-4439-47C4-809B-D82E6373EC70}"
EndProject
Project("{8BC9CEB8-8B4A-11D0-8D11-00A0C91BC942}") = "Cypher", "Cypher\Cypher.vcproj", "{A5C77EA1-B6C7-450E-9658-53867FACE35C}"
EndProject
Project("{8BC9CEB8-8B4A-11D0-8D11-00A0C91BC942}") = "CommonExceptions", "CommonExceptions\CommonExceptions.vcproj", "{BD0851C8-764D-4668-B29C-D55425C32493}"
EndProject
Project("{8BC9CEB8-8B4A-11D0-8D11-00A0C91BC942}") = "StructureAnalyzer", "StructureAnalyzer\StructureAnalyzer.vcproj", "{FDEE764F-8054-4DE7-9633-10EB026B1BEB}"
EndProject
Project("{8BC9CEB8-8B4A-11D0-8D11-00A0C91BC942}") = "HookHelper", "HookHelper\HookHelper.vcproj", "{48B30BAA-2107-410A-845C-CA3B63061C75}"
EndProject
Project("{8BC9CEB8-8B4A-11D0-8D11-00A0C91BC942}") = "Hook", "Hook\Hook.vcproj", "{08401F37-8C13-4777-980C-DB495636E038}"
	ProjectSection(ProjectDependencies) = postProject
		{874F704B-D433-4002-B2AE-BD8957DF6E89} = {874F704B-D433-4002-B2AE-BD8957DF6E89}
		{FDEE764F-8054-4DE7-9633-10EB026B1BEB} = {FDEE764F-8054-4DE7-9633-10EB026B1BEB}
		{89B42891-20D3-4AD4-90CC-AE225469C3F5} = {89B42891-20D3-4AD4-90CC-AE225469C3F5}
		{A5C77EA1-B6C7-450E-9658-53867FACE35C} = {A5C77EA1-B6C7-450E-9658-53867FACE35C}
		{48B30BAA-2107-410A-845C-CA3B63061C75} = {48B30BAA-2107-410A-845C-CA3B63061C75}
		{BD0851C8-764D-4668-B29C-D55425C32493} = {BD0851C8-764D-4668-B29C-D55425C32493}
		{28115BDA-4439-47C4-809B-D82E6373EC70} = {28115BDA-4439-47C4-809B-D82E6373EC70}
		{DB8B58F9-3301-4313-9492-FF705D53FDCF} = {DB8B58F9-3301-4313-9492-FF705D53FDCF}
	EndProjectSection
EndProject
Project("{FAE04EC0-301F-11D3-BF4B-00C04F79EFBC}") = "CS_Test_App", "CS_Test_App\CS_Test_App.csproj", "{F55C8FDA-9AC9-46A3-BCC4-1549043F15A2}"
EndProject
Global
	GlobalSection(SolutionConfigurationPlatforms) = preSolution
		Debug + Test|Any CPU = Debug + Test|Any CPU
		Debug + Test|Mixed Platforms = Debug + Test|Mixed Platforms
		Debug + Test|Win32 = Debug + Test|Win32
		Debug + Test|x64 = Debug + Test|x64
		Debug|Any CPU = Debug|Any CPU
		Debug|Mixed Platforms = Debug|Mixed Platforms
		Debug|Win32 = Debug|Win32
		Debug|x64 = Debug|x64
		Release + Test|Any CPU = Release + Test|Any CPU
		Release + Test|Mixed Platforms = Release + Test|Mixed Platforms
		Release + Test|Win32 = Release + Test|Win32
		Release + Test|x64 = Release + Test|x64
		Release x64|Any CPU = Release x64|Any CPU
		Release x64|Mixed Platforms = Release x64|Mixed Platforms
		Release x64|Win32 = Release x64|Win32
		Release x64|x64 = Release x64|x64
		Release|Any CPU = Release|Any CPU
		Release|Mixed Platforms = Release|Mixed Platforms
		Release|Win32 = Release|Win32
		Release|x64 = Release|x64
	EndGlobalSection
	GlobalSection(ProjectConfigurationPlatforms) = postSolution
		{BEE56DBF-3650-4946-826A-E565FCEC1AD7}.Debug + Test|Any CPU.ActiveCfg = Debug|Win32
		{BEE56DBF-3650-4946-826A-E565FCEC1AD7}.Debug + Test|Mixed Platforms.ActiveCfg = Debug|Win32
		{BEE56DBF-3650-4946-826A-E565FCEC1AD7}.Debug + Test|Mixed Platforms.Build.0 = Debug|Win32
		{BEE56DBF-3650-4946-826A-E565FCEC1AD7}.Debug + Test|Win32.ActiveCfg = Debug|Win32
		{BEE56DBF-3650-4946-826A-E565FCEC1AD7}.Debug + Test|Win32.Build.0 = Debug|Win32
		{BEE56DBF-3650-4946-826A-E565FCEC1AD7}.Debug + Test|x64.ActiveCfg = Debug|Win32
		{BEE56DBF-3650-4946-826A-E565FCEC1AD7}.Debug|Any CPU.ActiveCfg = Debug|Win32
		{BEE56DBF-3650-4946-826A-E565FCEC1AD7}.Debug|Mixed Platforms.ActiveCfg = Debug|Win32
		{BEE56DBF-3650-4946-826A-E565FCEC1AD7}.Debug|Mixed Platforms.Build.0 = Debug|Win32
		{BEE56DBF-3650-4946-826A-E565FCEC1AD7}.Debug|Win32.ActiveCfg = Debug|Win32
		{BEE56DBF-3650-4946-826A-E565FCEC1AD7}.Debug|Win32.Build.0 = Debug|Win32
		{BEE56DBF-3650-4946-826A-E565FCEC1AD7}.Debug|x64.ActiveCfg = Debug|Win32
		{BEE56DBF-3650-4946-826A-E565FCEC1AD7}.Release + Test|Any CPU.ActiveCfg = Release|Win32
		{BEE56DBF-3650-4946-826A-E565FCEC1AD7}.Release + Test|Mixed Platforms.ActiveCfg = Release|Win32
		{BEE56DBF-3650-4946-826A-E565FCEC1AD7}.Release + Test|Mixed Platforms.Build.0 = Release|Win32
		{BEE56DBF-3650-4946-826A-E565FCEC1AD7}.Release + Test|Win32.ActiveCfg = Release|Win32
		{BEE56DBF-3650-4946-826A-E565FCEC1AD7}.Release + Test|Win32.Build.0 = Release|Win32
		{BEE56DBF-3650-4946-826A-E565FCEC1AD7}.Release + Test|x64.ActiveCfg = Release|Win32
		{BEE56DBF-3650-4946-826A-E565FCEC1AD7}.Release x64|Any CPU.ActiveCfg = Release|Win32
		{BEE56DBF-3650-4946-826A-E565FCEC1AD7}.Release x64|Mixed Platforms.ActiveCfg = Release|Win32
		{BEE56DBF-3650-4946-826A-E565FCEC1AD7}.Release x64|Mixed Platforms.Build.0 = Release|Win32
		{BEE56DBF-3650-4946-826A-E565FCEC1AD7}.Release x64|Win32.ActiveCfg = Release|Win32
		{BEE56DBF-3650-4946-826A-E565FCEC1AD7}.Release x64|Win32.Build.0 = Release|Win32
		{BEE56DBF-3650-4946-826A-E565FCEC1AD7}.Release x64|x64.ActiveCfg = Release|Win32
		{BEE56DBF-3650-4946-826A-E565FCEC1AD7}.Release|Any CPU.ActiveCfg = Release|Win32
		{BEE56DBF-3650-4946-826A-E565FCEC1AD7}.Release|Mixed Platforms.ActiveCfg = Release|Win32
		{BEE56DBF-3650-4946-826A-E565FCEC1AD7}.Release|Mixed Platforms.Build.0 = Release|Win32
		{BEE56DBF-3650-4946-826A-E565FCEC1AD7}.Release|Win32.ActiveCfg = Release|Win32
		{BEE56DBF-3650-4946-826A-E565FCEC1AD7}.Release|Win32.Build.0 = Release|Win32
		{BEE56DBF-3650-4946-826A-E565FCEC1AD7}.Release|x64.ActiveCfg = Release|x64
		{BEE56DBF-3650-4946-826A-E565FCEC1AD7}.Release|x64.Build.0 = Release|x64
		{DB8B58F9-3301-4313-9492-FF705D53FDCF}.Debug + Test|Any CPU.ActiveCfg = Debug + Test|x64
		{DB8B58F9-3301-4313-9492-FF705D53FDCF}.Debug + Test|Mixed Platforms.ActiveCfg = Debug + Test|x64
		{DB8B58F9-3301-4313-9492-FF705D53FDCF}.Debug + Test|Mixed Platforms.Build.0 = Debug + Test|x64
		{DB8B58F9-3301-4313-9492-FF705D53FDCF}.Debug + Test|Win32.ActiveCfg = Debug + Test|Win32
		{DB8B58F9-3301-4313-9492-FF705D53FDCF}.Debug + Test|Win32.Build.0 = Debug + Test|Win32
		{DB8B58F9-3301-4313-9492-FF705D53FDCF}.Debug + Test|x64.ActiveCfg = Debug + Test|x64
		{DB8B58F9-3301-4313-9492-FF705D53FDCF}.Debug + Test|x64.Build.0 = Debug + Test|x64
		{DB8B58F9-3301-4313-9492-FF705D53FDCF}.Debug|Any CPU.ActiveCfg = Debug|x64
		{DB8B58F9-3301-4313-9492-FF705D53FDCF}.Debug|Mixed Platforms.ActiveCfg = Debug|x64
		{DB8B58F9-3301-4313-9492-FF705D53FDCF}.Debug|Mixed Platforms.Build.0 = Debug|x64
		{DB8B58F9-3301-4313-9492-FF705D53FDCF}.Debug|Win32.ActiveCfg = Debug|Win32
		{DB8B58F9-3301-4313-9492-FF705D53FDCF}.Debug|Win32.Build.0 = Debug|Win32
		{DB8B58F9-3301-4313-9492-FF705D53FDCF}.Debug|x64.ActiveCfg = Debug|x64
		{DB8B58F9-3301-4313-9492-FF705D53FDCF}.Debug|x64.Build.0 = Debug|x64
		{DB8B58F9-3301-4313-9492-FF705D53FDCF}.Release + Test|Any CPU.ActiveCfg = Release + Test|x64
		{DB8B58F9-3301-4313-9492-FF705D53FDCF}.Release + Test|Mixed Platforms.ActiveCfg = Release + Test|x64
		{DB8B58F9-3301-4313-9492-FF705D53FDCF}.Release + Test|Mixed Platforms.Build.0 = Release + Test|x64
		{DB8B58F9-3301-4313-9492-FF705D53FDCF}.Release + Test|Win32.ActiveCfg = Release + Test|Win32
		{DB8B58F9-3301-4313-9492-FF705D53FDCF}.Release + Test|Win32.Build.0 = Release + Test|Win32
		{DB8B58F9-3301-4313-9492-FF705D53FDCF}.Release + Test|x64.ActiveCfg = Release + Test|x64
		{DB8B58F9-3301-4313-9492-FF705D53FDCF}.Release + Test|x64.Build.0 = Release + Test|x64
		{DB8B58F9-3301-4313-9492-FF705D53FDCF}.Release x64|Any CPU.ActiveCfg = Release x64|x64
		{DB8B58F9-3301-4313-9492-FF705D53FDCF}.Release x64|Mixed Platforms.ActiveCfg = Release x64|x64
		{DB8B58F9-3301-4313-9492-FF705D53FDCF}.Release x64|Mixed Platforms.Build.0 = Release x64|x64
		{DB8B58F9-3301-4313-9492-FF705D53FDCF}.Release x64|Win32.ActiveCfg = Release x64|Win32
		{DB8B58F9-3301-4313-9492-FF705D53FDCF}.Release x64|Win32.Build.0 = Release x64|Win32
		{DB8B58F9-3301-4313-9492-FF705D53FDCF}.Release x64|x64.ActiveCfg = Release x64|x64
		{DB8B58F9-3301-4313-9492-FF705D53FDCF}.Release x64|x64.Build.0 = Release x64|x64
		{DB8B58F9-3301-4313-9492-FF705D53FDCF}.Release|Any CPU.ActiveCfg = Release|x64
		{DB8B58F9-3301-4313-9492-FF705D53FDCF}.Release|Mixed Platforms.ActiveCfg = Release|x64
		{DB8B58F9-3301-4313-9492-FF705D53FDCF}.Release|Mixed Platforms.Build.0 = Release|x64
		{DB8B58F9-3301-4313-9492-FF705D53FDCF}.Release|Win32.ActiveCfg = Release|Win32
		{DB8B58F9-3301-4313-9492-FF705D53FDCF}.Release|Win32.Build.0 = Release|Win32
		{DB8B58F9-3301-4313-9492-FF705D53FDCF}.Release|x64.ActiveCfg = Release|x64
		{DB8B58F9-3301-4313-9492-FF705D53FDCF}.Release|x64.Build.0 = Release|x64
		{89B42891-20D3-4AD4-90CC-AE225469C3F5}.Debug + Test|Any CPU.ActiveCfg = Debug + Test|x64
		{89B42891-20D3-4AD4-90CC-AE225469C3F5}.Debug + Test|Mixed Platforms.ActiveCfg = Debug + Test|x64
		{89B42891-20D3-4AD4-90CC-AE225469C3F5}.Debug + Test|Mixed Platforms.Build.0 = Debug + Test|x64
		{89B42891-20D3-4AD4-90CC-AE225469C3F5}.Debug + Test|Win32.ActiveCfg = Debug + Test|Win32
		{89B42891-20D3-4AD4-90CC-AE225469C3F5}.Debug + Test|Win32.Build.0 = Debug + Test|Win32
		{89B42891-20D3-4AD4-90CC-AE225469C3F5}.Debug + Test|x64.ActiveCfg = Debug + Test|x64
		{89B42891-20D3-4AD4-90CC-AE225469C3F5}.Debug + Test|x64.Build.0 = Debug + Test|x64
		{89B42891-20D3-4AD4-90CC-AE225469C3F5}.Debug|Any CPU.ActiveCfg = Debug|x64
		{89B42891-20D3-4AD4-90CC-AE225469C3F5}.Debug|Mixed Platforms.ActiveCfg = Debug|x64
		{89B42891-20D3-4AD4-90CC-AE225469C3F5}.Debug|Mixed Platforms.Build.0 = Debug|x64
		{89B42891-20D3-4AD4-90CC-AE225469C3F5}.Debug|Win32.ActiveCfg = Debug|Win32
		{89B42891-20D3-4AD4-90CC-AE225469C3F5}.Debug|Win32.Build.0 = Debug|Win32
		{89B42891-20D3-4AD4-90CC-AE225469C3F5}.Debug|x64.ActiveCfg = Debug|x64
		{89B42891-20D3-4AD4-90CC-AE225469C3F5}.Debug|x64.Build.0 = Debug|x64
		{89B42891-20D3-4AD4-90CC-AE225469C3F5}.Release + Test|Any CPU.ActiveCfg = Release + Test|x64
		{89B42891-20D3-4AD4-90CC-AE225469C3F5}.Release + Test|Mixed Platforms.ActiveCfg = Release + Test|x64
		{89B42891-20D3-4AD4-90CC-AE225469C3F5}.Release + Test|Mixed Platforms.Build.0 = Release + Test|x64
		{89B42891-20D3-4AD4-90CC-AE225469C3F5}.Release + Test|Win32.ActiveCfg = Release + Test|Win32
		{89B42891-20D3-4AD4-90CC-AE225469C3F5}.Release + Test|Win32.Build.0 = Release + Test|Win32
		{89B42891-20D3-4AD4-90CC-AE225469C3F5}.Release + Test|x64.ActiveCfg = Release + Test|x64
		{89B42891-20D3-4AD4-90CC-AE225469C3F5}.Release + Test|x64.Build.0 = Release + Test|x64
		{89B42891-20D3-4AD4-90CC-AE225469C3F5}.Release x64|Any CPU.ActiveCfg = Release + Test|x64
		{89B42891-20D3-4AD4-90CC-AE225469C3F5}.Release x64|Mixed Platforms.ActiveCfg = Release + Test|x64
		{89B42891-20D3-4AD4-90CC-AE225469C3F5}.Release x64|Mixed Platforms.Build.0 = Release + Test|x64
		{89B42891-20D3-4AD4-90CC-AE225469C3F5}.Release x64|Win32.ActiveCfg = Release + Test|x64
		{89B42891-20D3-4AD4-90CC-AE225469C3F5}.Release x64|x64.ActiveCfg = Release + Test|x64
		{89B42891-20D3-4AD4-90CC-AE225469C3F5}.Release x64|x64.Build.0 = Release + Test|x64
		{89B42891-20D3-4AD4-90CC-AE225469C3F5}.Release|Any CPU.ActiveCfg = Release|x64
		{89B42891-20D3-4AD4-90CC-AE225469C3F5}.Release|Mixed Platforms.ActiveCfg = Release|x64
		{89B42891-20D3-4AD4-90CC-AE225469C3F5}.Release|Mixed Platforms.Build.0 = Release|x64
		{89B42891-20D3-4AD4-90CC-AE225469C3F5}.Release|Win32.ActiveCfg = Release|Win32
		{89B42891-20D3-4AD4-90CC-AE225469C3F5}.Release|Win32.Build.0 = Release|Win32
		{89B42891-20D3-4AD4-90CC-AE225469C3F5}.Release|x64.ActiveCfg = Release|x64
		{89B42891-20D3-4AD4-90CC-AE225469C3F5}.Release|x64.Build.0 = Release|x64
		{874F704B-D433-4002-B2AE-BD8957DF6E89}.Debug + Test|Any CPU.ActiveCfg = Debug|x64
		{874F704B-D433-4002-B2AE-BD8957DF6E89}.Debug + Test|Mixed Platforms.ActiveCfg = Debug|x64
		{874F704B-D433-4002-B2AE-BD8957DF6E89}.Debug + Test|Mixed Platforms.Build.0 = Debug|x64
		{874F704B-D433-4002-B2AE-BD8957DF6E89}.Debug + Test|Win32.ActiveCfg = Debug|x64
		{874F704B-D433-4002-B2AE-BD8957DF6E89}.Debug + Test|x64.ActiveCfg = Debug|x64
		{874F704B-D433-4002-B2AE-BD8957DF6E89}.Debug + Test|x64.Build.0 = Debug|x64
		{874F704B-D433-4002-B2AE-BD8957DF6E89}.Debug|Any CPU.ActiveCfg = Debug|x64
		{874F704B-D433-4002-B2AE-BD8957DF6E89}.Debug|Mixed Platforms.ActiveCfg = Debug|x64
		{874F704B-D433-4002-B2AE-BD8957DF6E89}.Debug|Mixed Platforms.Build.0 = Debug|x64
		{874F704B-D433-4002-B2AE-BD8957DF6E89}.Debug|Win32.ActiveCfg = Debug|Win32
		{874F704B-D433-4002-B2AE-BD8957DF6E89}.Debug|Win32.Build.0 = Debug|Win32
		{874F704B-D433-4002-B2AE-BD8957DF6E89}.Debug|x64.ActiveCfg = Debug|x64
		{874F704B-D433-4002-B2AE-BD8957DF6E89}.Debug|x64.Build.0 = Debug|x64
		{874F704B-D433-4002-B2AE-BD8957DF6E89}.Release + Test|Any CPU.ActiveCfg = Release x64|x64
		{874F704B-D433-4002-B2AE-BD8957DF6E89}.Release + Test|Mixed Platforms.ActiveCfg = Release x64|x64
		{874F704B-D433-4002-B2AE-BD8957DF6E89}.Release + Test|Mixed Platforms.Build.0 = Release x64|x64
		{874F704B-D433-4002-B2AE-BD8957DF6E89}.Release + Test|Win32.ActiveCfg = Release x64|x64
		{874F704B-D433-4002-B2AE-BD8957DF6E89}.Release + Test|x64.ActiveCfg = Release x64|x64
		{874F704B-D433-4002-B2AE-BD8957DF6E89}.Release + Test|x64.Build.0 = Release x64|x64
		{874F704B-D433-4002-B2AE-BD8957DF6E89}.Release x64|Any CPU.ActiveCfg = Release x64|x64
		{874F704B-D433-4002-B2AE-BD8957DF6E89}.Release x64|Mixed Platforms.ActiveCfg = Release x64|x64
		{874F704B-D433-4002-B2AE-BD8957DF6E89}.Release x64|Mixed Platforms.Build.0 = Release x64|x64
		{874F704B-D433-4002-B2AE-BD8957DF6E89}.Release x64|Win32.ActiveCfg = Release x64|Win32
		{874F704B-D433-4002-B2AE-BD8957DF6E89}.Release x64|Win32.Build.0 = Release x64|Win32
		{874F704B-D433-4002-B2AE-BD8957DF6E89}.Release x64|x64.ActiveCfg = Release x64|x64
		{874F704B-D433-4002-B2AE-BD8957DF6E89}.Release x64|x64.Build.0 = Release x64|x64
		{874F704B-D433-4002-B2AE-BD8957DF6E89}.Release|Any CPU.ActiveCfg = Release|x64
		{874F704B-D433-4002-B2AE-BD8957DF6E89}.Release|Mixed Platforms.ActiveCfg = Release|x64
		{874F704B-D433-4002-B2AE-BD8957DF6E89}.Release|Mixed Platforms.Build.0 = Release|x64
		{874F704B-D433-4002-B2AE-BD8957DF6E89}.Release|Win32.ActiveCfg = Release|Win32
		{874F704B-D433-4002-B2AE-BD8957DF6E89}.Release|Win32.Build.0 = Release|Win32
		{874F704B-D433-4002-B2AE-BD8957DF6E89}.Release|x64.ActiveCfg = Release|x64
		{874F704B-D433-4002-B2AE-BD8957DF6E89}.Release|x64.Build.0 = Release|x64
		{28115BDA-4439-47C4-809B-D82E6373EC70}.Debug + Test|Any CPU.ActiveCfg = Debug + Test|x64
		{28115BDA-4439-47C4-809B-D82E6373EC70}.Debug + Test|Mixed Platforms.ActiveCfg = Debug + Test|x64
		{28115BDA-4439-47C4-809B-D82E6373EC70}.Debug + Test|Mixed Platforms.Build.0 = Debug + Test|x64
		{28115BDA-4439-47C4-809B-D82E6373EC70}.Debug + Test|Win32.ActiveCfg = Debug + Test|Win32
		{28115BDA-4439-47C4-809B-D82E6373EC70}.Debug + Test|Win32.Build.0 = Debug + Test|Win32
		{28115BDA-4439-47C4-809B-D82E6373EC70}.Debug + Test|x64.ActiveCfg = Debug + Test|x64
		{28115BDA-4439-47C4-809B-D82E6373EC70}.Debug + Test|x64.Build.0 = Debug + Test|x64
		{28115BDA-4439-47C4-809B-D82E6373EC70}.Debug|Any CPU.ActiveCfg = Debug|x64
		{28115BDA-4439-47C4-809B-D82E6373EC70}.Debug|Mixed Platforms.ActiveCfg = Debug|x64
		{28115BDA-4439-47C4-809B-D82E6373EC70}.Debug|Mixed Platforms.Build.0 = Debug|x64
		{28115BDA-4439-47C4-809B-D82E6373EC70}.Debug|Win32.ActiveCfg = Debug|Win32
		{28115BDA-4439-47C4-809B-D82E6373EC70}.Debug|Win32.Build.0 = Debug|Win32
		{28115BDA-4439-47C4-809B-D82E6373EC70}.Debug|x64.ActiveCfg = Debug|x64
		{28115BDA-4439-47C4-809B-D82E6373EC70}.Debug|x64.Build.0 = Debug|x64
		{28115BDA-4439-47C4-809B-D82E6373EC70}.Release + Test|Any CPU.ActiveCfg = Release + Test|x64
		{28115BDA-4439-47C4-809B-D82E6373EC70}.Release + Test|Mixed Platforms.ActiveCfg = Release + Test|x64
		{28115BDA-4439-47C4-809B-D82E6373EC70}.Release + Test|Mixed Platforms.Build.0 = Release + Test|x64
		{28115BDA-4439-47C4-809B-D82E6373EC70}.Release + Test|Win32.ActiveCfg = Release + Test|Win32
		{28115BDA-4439-47C4-809B-D82E6373EC70}.Release + Test|Win32.Build.0 = Release + Test|Win32
		{28115BDA-4439-47C4-809B-D82E6373EC70}.Release + Test|x64.ActiveCfg = Release + Test|x64
		{28115BDA-4439-47C4-809B-D82E6373EC70}.Release + Test|x64.Build.0 = Release + Test|x64
		{28115BDA-4439-47C4-809B-D82E6373EC70}.Release x64|Any CPU.ActiveCfg = Release x64|x64
		{28115BDA-4439-47C4-809B-D82E6373EC70}.Release x64|Mixed Platforms.ActiveCfg = Release x64|x64
		{28115BDA-4439-47C4-809B-D82E6373EC70}.Release x64|Mixed Platforms.Build.0 = Release x64|x64
		{28115BDA-4439-47C4-809B-D82E6373EC70}.Release x64|Win32.ActiveCfg = Release x64|Win32
		{28115BDA-4439-47C4-809B-D82E6373EC70}.Release x64|Win32.Build.0 = Release x64|Win32
		{28115BDA-4439-47C4-809B-D82E6373EC70}.Release x64|x64.ActiveCfg = Release x64|x64
		{28115BDA-4439-47C4-809B-D82E6373EC70}.Release x64|x64.Build.0 = Release x64|x64
		{28115BDA-4439-47C4-809B-D82E6373EC70}.Release|Any CPU.ActiveCfg = Release|x64
		{28115BDA-4439-47C4-809B-D82E6373EC70}.Release|Mixed Platforms.ActiveCfg = Release|x64
		{28115BDA-4439-47C4-809B-D82E6373EC70}.Release|Mixed Platforms.Build.0 = Release|x64
		{28115BDA-4439-47C4-809B-D82E6373EC70}.Release|Win32.ActiveCfg = Release|Win32
		{28115BDA-4439-47C4-809B-D82E6373EC70}.Release|Win32.Build.0 = Release|Win32
		{28115BDA-4439-47C4-809B-D82E6373EC70}.Release|x64.ActiveCfg = Release|x64
		{28115BDA-4439-47C4-809B-D82E6373EC70}.Release|x64.Build.0 = Release|x64
		{A5C77EA1-B6C7-450E-9658-53867FACE35C}.Debug + Test|Any CPU.ActiveCfg = Debug + Test|x64
		{A5C77EA1-B6C7-450E-9658-53867FACE35C}.Debug + Test|Mixed Platforms.ActiveCfg = Debug + Test|x64
		{A5C77EA1-B6C7-450E-9658-53867FACE35C}.Debug + Test|Mixed Platforms.Build.0 = Debug + Test|x64
		{A5C77EA1-B6C7-450E-9658-53867FACE35C}.Debug + Test|Win32.ActiveCfg = Debug + Test|Win32
		{A5C77EA1-B6C7-450E-9658-53867FACE35C}.Debug + Test|Win32.Build.0 = Debug + Test|Win32
		{A5C77EA1-B6C7-450E-9658-53867FACE35C}.Debug + Test|x64.ActiveCfg = Debug + Test|x64
		{A5C77EA1-B6C7-450E-9658-53867FACE35C}.Debug + Test|x64.Build.0 = Debug + Test|x64
		{A5C77EA1-B6C7-450E-9658-53867FACE35C}.Debug|Any CPU.ActiveCfg = Debug|x64
		{A5C77EA1-B6C7-450E-9658-53867FACE35C}.Debug|Mixed Platforms.ActiveCfg = Debug|x64
		{A5C77EA1-B6C7-450E-9658-53867FACE35C}.Debug|Mixed Platforms.Build.0 = Debug|x64
		{A5C77EA1-B6C7-450E-9658-53867FACE35C}.Debug|Win32.ActiveCfg = Debug|Win32
		{A5C77EA1-B6C7-450E-9658-53867FACE35C}.Debug|Win32.Build.0 = Debug|Win32
		{A5C77EA1-B6C7-450E-9658-53867FACE35C}.Debug|x64.ActiveCfg = Debug|x64
		{A5C77EA1-B6C7-450E-9658-53867FACE35C}.Debug|x64.Build.0 = Debug|x64
		{A5C77EA1-B6C7-450E-9658-53867FACE35C}.Release + Test|Any CPU.ActiveCfg = Release + Test|x64
		{A5C77EA1-B6C7-450E-9658-53867FACE35C}.Release + Test|Mixed Platforms.ActiveCfg = Release + Test|x64
		{A5C77EA1-B6C7-450E-9658-53867FACE35C}.Release + Test|Mixed Platforms.Build.0 = Release + Test|x64
		{A5C77EA1-B6C7-450E-9658-53867FACE35C}.Release + Test|Win32.ActiveCfg = Release + Test|Win32
		{A5C77EA1-B6C7-450E-9658-53867FACE35C}.Release + Test|Win32.Build.0 = Release + Test|Win32
		{A5C77EA1-B6C7-450E-9658-53867FACE35C}.Release + Test|x64.ActiveCfg = Release + Test|x64
		{A5C77EA1-B6C7-450E-9658-53867FACE35C}.Release + Test|x64.Build.0 = Release + Test|x64
		{A5C77EA1-B6C7-450E-9658-53867FACE35C}.Release x64|Any CPU.ActiveCfg = Release x64|x64
		{A5C77EA1-B6C7-450E-9658-53867FACE35C}.Release x64|Mixed Platforms.ActiveCfg = Release x64|x64
		{A5C77EA1-B6C7-450E-9658-53867FACE35C}.Release x64|Mixed Platforms.Build.0 = Release x64|x64
		{A5C77EA1-B6C7-450E-9658-53867FACE35C}.Release x64|Win32.ActiveCfg = Release x64|Win32
		{A5C77EA1-B6C7-450E-9658-53867FACE35C}.Release x64|Win32.Build.0 = Release x64|Win32
		{A5C77EA1-B6C7-450E-9658-53867FACE35C}.Release x64|x64.ActiveCfg = Release x64|x64
		{A5C77EA1-B6C7-450E-9658-53867FACE35C}.Release x64|x64.Build.0 = Release x64|x64
		{A5C77EA1-B6C7-450E-9658-53867FACE35C}.Release|Any CPU.ActiveCfg = Release|x64
		{A5C77EA1-B6C7-450E-9658-53867FACE35C}.Release|Mixed Platforms.ActiveCfg = Release|x64
		{A5C77EA1-B6C7-450E-9658-53867FACE35C}.Release|Mixed Platforms.Build.0 = Release|x64
		{A5C77EA1-B6C7-450E-9658-53867FACE35C}.Release|Win32.ActiveCfg = Release|Win32
		{A5C77EA1-B6C7-450E-9658-53867FACE35C}.Release|Win32.Build.0 = Release|Win32
		{A5C77EA1-B6C7-450E-9658-53867FACE35C}.Release|x64.ActiveCfg = Release|x64
		{A5C77EA1-B6C7-450E-9658-53867FACE35C}.Release|x64.Build.0 = Release|x64
		{BD0851C8-764D-4668-B29C-D55425C32493}.Debug + Test|Any CPU.ActiveCfg = Debug + Test|x64
		{BD0851C8-764D-4668-B29C-D55425C32493}.Debug + Test|Mixed Platforms.ActiveCfg = Debug + Test|x64
		{BD0851C8-764D-4668-B29C-D55425C32493}.Debug + Test|Mixed Platforms.Build.0 = Debug + Test|x64
		{BD0851C8-764D-4668-B29C-D55425C32493}.Debug + Test|Win32.ActiveCfg = Debug + Test|Win32
		{BD0851C8-764D-4668-B29C-D55425C32493}.Debug + Test|Win32.Build.0 = Debug + Test|Win32
		{BD0851C8-764D-4668-B29C-D55425C32493}.Debug + Test|x64.ActiveCfg = Debug + Test|x64
		{BD0851C8-764D-4668-B29C-D55425C32493}.Debug + Test|x64.Build.0 = Debug + Test|x64
		{BD0851C8-764D-4668-B29C-D55425C32493}.Debug|Any CPU.ActiveCfg = Debug|x64
		{BD0851C8-764D-4668-B29C-D55425C32493}.Debug|Mixed Platforms.ActiveCfg = Debug|x64
		{BD0851C8-764D-4668-B29C-D55425C32493}.Debug|Mixed Platforms.Build.0 = Debug|x64
		{BD0851C8-764D-4668-B29C-D55425C32493}.Debug|Win32.ActiveCfg = Debug|Win32
		{BD0851C8-764D-4668-B29C-D55425C32493}.Debug|Win32.Build.0 = Debug|Win32
		{BD0851C8-764D-4668-B29C-D55425C32493}.Debug|x64.ActiveCfg = Debug|x64
		{BD0851C8-764D-4668-B29C-D55425C32493}.Debug|x64.Build.0 = Debug|x64
		{BD0851C8-764D-4668-B29C-D55425C32493}.Release + Test|Any CPU.ActiveCfg = Release + Test|x64
		{BD0851C8-764D-4668-B29C-D55425C32493}.Release + Test|Mixed Platforms.ActiveCfg = Release + Test|x64
		{BD0851C8-764D-4668-B29C-D55425C32493}.Release + Test|Mixed Platforms.Build.0 = Release + Test|x64
		{BD0851C8-764D-4668-B29C-D55425C32493}.Release + Test|Win32.ActiveCfg = Release + Test|Win32
		{BD0851C8-764D-4668-B29C-D55425C32493}.Release + Test|Win32.Build.0 = Release + Test|Win32
		{BD0851C8-764D-4668-B29C-D55425C32493}.Release + Test|x64.ActiveCfg = Release + Test|x64
		{BD0851C8-764D-4668-B29C-D55425C32493}.Release + Test|x64.Build.0 = Release + Test|x64
		{BD0851C8-764D-4668-B29C-D55425C32493}.Release x64|Any CPU.ActiveCfg = Release + Test|x64
		{BD0851C8-764D-4668-B29C-D55425C32493}.Release x64|Mixed Platforms.ActiveCfg = Release + Test|x64
		{BD0851C8-764D-4668-B29C-D55425C32493}.Release x64|Mixed Platforms.Build.0 = Release + Test|x64
		{BD0851C8-764D-4668-B29C-D55425C32493}.Release x64|Win32.ActiveCfg = Release + Test|x64
		{BD0851C8-764D-4668-B29C-D55425C32493}.Release x64|x64.ActiveCfg = Release + Test|x64
		{BD0851C8-764D-4668-B29C-D55425C32493}.Release x64|x64.Build.0 = Release + Test|x64
		{BD0851C8-764D-4668-B29C-D55425C32493}.Release|Any CPU.ActiveCfg = Release|x64
		{BD0851C8-764D-4668-B29C-D55425C32493}.Release|Mixed Platforms.ActiveCfg = Release|x64
		{BD0851C8-764D-4668-B29C-D55425C32493}.Release|Mixed Platforms.Build.0 = Release|x64
		{BD0851C8-764D-4668-B29C-D55425C32493}.Release|Win32.ActiveCfg = Release|Win32
		{BD0851C8-764D-4668-B29C-D55425C32493}.Release|Win32.Build.0 = Release|Win32
		{BD0851C8-764D-4668-B29C-D55425C32493}.Release|x64.ActiveCfg = Release|x64
		{BD0851C8-764D-4668-B29C-D55425C32493}.Release|x64.Build.0 = Release|x64
		{FDEE764F-8054-4DE7-9633-10EB026B1BEB}.Debug + Test|Any CPU.ActiveCfg = Debug + Test|x64
		{FDEE764F-8054-4DE7-9633-10EB026B1BEB}.Debug + Test|Mixed Platforms.ActiveCfg = Debug + Test|x64
		{FDEE764F-8054-4DE7-9633-10EB026B1BEB}.Debug + Test|Mixed Platforms.Build.0 = Debug + Test|x64
		{FDEE764F-8054-4DE7-9633-10EB026B1BEB}.Debug + Test|Win32.ActiveCfg = Debug + Test|Win32
		{FDEE764F-8054-4DE7-9633-10EB026B1BEB}.Debug + Test|Win32.Build.0 = Debug + Test|Win32
		{FDEE764F-8054-4DE7-9633-10EB026B1BEB}.Debug + Test|x64.ActiveCfg = Debug + Test|x64
		{FDEE764F-8054-4DE7-9633-10EB026B1BEB}.Debug + Test|x64.Build.0 = Debug + Test|x64
		{FDEE764F-8054-4DE7-9633-10EB026B1BEB}.Debug|Any CPU.ActiveCfg = Debug|x64
		{FDEE764F-8054-4DE7-9633-10EB026B1BEB}.Debug|Mixed Platforms.ActiveCfg = Debug|x64
		{FDEE764F-8054-4DE7-9633-10EB026B1BEB}.Debug|Mixed Platforms.Build.0 = Debug|x64
		{FDEE764F-8054-4DE7-9633-10EB026B1BEB}.Debug|Win32.ActiveCfg = Debug|Win32
		{FDEE764F-8054-4DE7-9633-10EB026B1BEB}.Debug|Win32.Build.0 = Debug|Win32
		{FDEE764F-8054-4DE7-9633-10EB026B1BEB}.Debug|x64.ActiveCfg = Debug|x64
		{FDEE764F-8054-4DE7-9633-10EB026B1BEB}.Debug|x64.Build.0 = Debug|x64
		{FDEE764F-8054-4DE7-9633-10EB026B1BEB}.Release + Test|Any CPU.ActiveCfg = Release + Test|x64
		{FDEE764F-8054-4DE7-9633-10EB026B1BEB}.Release + Test|Mixed Platforms.ActiveCfg = Release + Test|x64
		{FDEE764F-8054-4DE7-9633-10EB026B1BEB}.Release + Test|Mixed Platforms.Build.0 = Release + Test|x64
		{FDEE764F-8054-4DE7-9633-10EB026B1BEB}.Release + Test|Win32.ActiveCfg = Release + Test|Win32
		{FDEE764F-8054-4DE7-9633-10EB026B1BEB}.Release + Test|Win32.Build.0 = Release + Test|Win32
		{FDEE764F-8054-4DE7-9633-10EB026B1BEB}.Release + Test|x64.ActiveCfg = Release + Test|x64
		{FDEE764F-8054-4DE7-9633-10EB026B1BEB}.Release + Test|x64.Build.0 = Release + Test|x64
		{FDEE764F-8054-4DE7-9633-10EB026B1BEB}.Release x64|Any CPU.ActiveCfg = Release x64|x64
		{FDEE764F-8054-4DE7-9633-10EB026B1BEB}.Release x64|Mixed Platforms.ActiveCfg = Release x64|x64
		{FDEE764F-8054-4DE7-9633-10EB026B1BEB}.Release x64|Mixed Platforms.Build.0 = Release x64|x64
		{FDEE764F-8054-4DE7-9633-10EB026B1BEB}.Release x64|Win32.ActiveCfg = Release x64|Win32
		{FDEE764F-8054-4DE7-9633-10EB026B1BEB}.Release x64|Win32.Build.0 = Release x64|Win32
		{FDEE764F-8054-4DE7-9633-10EB026B1BEB}.Release x64|x64.ActiveCfg = Release x64|x64
		{FDEE764F-8054-4DE7-9633-10EB026B1BEB}.Release x64|x64.Build.0 = Release x64|x64
		{FDEE764F-8054-4DE7-9633-10EB026B1BEB}.Release|Any CPU.ActiveCfg = Release|x64
		{FDEE764F-8054-4DE7-9633-10EB026B1BEB}.Release|Mixed Platforms.ActiveCfg = Release|x64
		{FDEE764F-8054-4DE7-9633-10EB026B1BEB}.Release|Mixed Platforms.Build.0 = Release|x64
		{FDEE764F-8054-4DE7-9633-10EB026B1BEB}.Release|Win32.ActiveCfg = Release|Win32
		{FDEE764F-8054-4DE7-9633-10EB026B1BEB}.Release|Win32.Build.0 = Release|Win32
		{FDEE764F-8054-4DE7-9633-10EB026B1BEB}.Release|x64.ActiveCfg = Release|x64
		{FDEE764F-8054-4DE7-9633-10EB026B1BEB}.Release|x64.Build.0 = Release|x64
		{48B30BAA-2107-410A-845C-CA3B63061C75}.Debug + Test|Any CPU.ActiveCfg = Debug|x64
		{48B30BAA-2107-410A-845C-CA3B63061C75}.Debug + Test|Mixed Platforms.ActiveCfg = Debug|x64
		{48B30BAA-2107-410A-845C-CA3B63061C75}.Debug + Test|Mixed Platforms.Build.0 = Debug|x64
		{48B30BAA-2107-410A-845C-CA3B63061C75}.Debug + Test|Win32.ActiveCfg = Debug|x64
		{48B30BAA-2107-410A-845C-CA3B63061C75}.Debug + Test|x64.ActiveCfg = Debug|x64
		{48B30BAA-2107-410A-845C-CA3B63061C75}.Debug + Test|x64.Build.0 = Debug|x64
		{48B30BAA-2107-410A-845C-CA3B63061C75}.Debug|Any CPU.ActiveCfg = Debug|x64
		{48B30BAA-2107-410A-845C-CA3B63061C75}.Debug|Mixed Platforms.ActiveCfg = Debug|x64
		{48B30BAA-2107-410A-845C-CA3B63061C75}.Debug|Mixed Platforms.Build.0 = Debug|x64
		{48B30BAA-2107-410A-845C-CA3B63061C75}.Debug|Win32.ActiveCfg = Debug|Win32
		{48B30BAA-2107-410A-845C-CA3B63061C75}.Debug|Win32.Build.0 = Debug|Win32
		{48B30BAA-2107-410A-845C-CA3B63061C75}.Debug|x64.ActiveCfg = Debug|x64
		{48B30BAA-2107-410A-845C-CA3B63061C75}.Debug|x64.Build.0 = Debug|x64
		{48B30BAA-2107-410A-845C-CA3B63061C75}.Release + Test|Any CPU.ActiveCfg = Release x64|x64
		{48B30BAA-2107-410A-845C-CA3B63061C75}.Release + Test|Mixed Platforms.ActiveCfg = Release x64|x64
		{48B30BAA-2107-410A-845C-CA3B63061C75}.Release + Test|Mixed Platforms.Build.0 = Release x64|x64
		{48B30BAA-2107-410A-845C-CA3B63061C75}.Release + Test|Win32.ActiveCfg = Release x64|x64
		{48B30BAA-2107-410A-845C-CA3B63061C75}.Release + Test|x64.ActiveCfg = Release x64|x64
		{48B30BAA-2107-410A-845C-CA3B63061C75}.Release + Test|x64.Build.0 = Release x64|x64
		{48B30BAA-2107-410A-845C-CA3B63061C75}.Release x64|Any CPU.ActiveCfg = Release x64|x64
		{48B30BAA-2107-410A-845C-CA3B63061C75}.Release x64|Mixed Platforms.ActiveCfg = Release x64|x64
		{48B30BAA-2107-410A-845C-CA3B63061C75}.Release x64|Mixed Platforms.Build.0 = Release x64|x64
		{48B30BAA-2107-410A-845C-CA3B63061C75}.Release x64|Win32.ActiveCfg = Release x64|Win32
		{48B30BAA-2107-410A-845C-CA3B63061C75}.Release x64|Win32.Build.0 = Release x64|Win32
		{48B30BAA-2107-410A-845C-CA3B63061C75}.Release x64|x64.ActiveCfg = Release x64|x64
		{48B30BAA-2107-410A-845C-CA3B63061C75}.Release x64|x64.Build.0 = Release x64|x64
		{48B30BAA-2107-410A-845C-CA3B63061C75}.Release|Any CPU.ActiveCfg = Release|x64
		{48B30BAA-2107-410A-845C-CA3B63061C75}.Release|Mixed Platforms.ActiveCfg = Release|x64
		{48B30BAA-2107-410A-845C-CA3B63061C75}.Release|Mixed Platforms.Build.0 = Release|x64
		{48B30BAA-2107-410A-845C-CA3B63061C75}.Release|Win32.ActiveCfg = Release|Win32
		{48B30BAA-2107-410A-845C-CA3B63061C75}.Release|Win32.Build.0 = Release|Win32
		{48B30BAA-2107-410A-845C-CA3B63061C75}.Release|x64.ActiveCfg = Release|x64
		{48B30BAA-2107-410A-845C-CA3B63061C75}.Release|x64.Build.0 = Release|x64
		{08401F37-8C13-4777-980C-DB495636E038}.Debug + Test|Any CPU.ActiveCfg = Debug|Win32
		{08401F37-8C13-4777-980C-DB495636E038}.Debug + Test|Mixed Platforms.ActiveCfg = Debug|Win32
		{08401F37-8C13-4777-980C-DB495636E038}.Debug + Test|Mixed Platforms.Build.0 = Debug|Win32
		{08401F37-8C13-4777-980C-DB495636E038}.Debug + Test|Win32.ActiveCfg = Debug|Win32
		{08401F37-8C13-4777-980C-DB495636E038}.Debug + Test|Win32.Build.0 = Debug|Win32
		{08401F37-8C13-4777-980C-DB495636E038}.Debug + Test|x64.ActiveCfg = Debug|Win32
		{08401F37-8C13-4777-980C-DB495636E038}.Debug|Any CPU.ActiveCfg = Debug|Win32
		{08401F37-8C13-4777-980C-DB495636E038}.Debug|Mixed Platforms.ActiveCfg = Debug|Win32
		{08401F37-8C13-4777-980C-DB495636E038}.Debug|Mixed Platforms.Build.0 = Debug|Win32
		{08401F37-8C13-4777-980C-DB495636E038}.Debug|Win32.ActiveCfg = Debug|Win32
		{08401F37-8C13-4777-980C-DB495636E038}.Debug|Win32.Build.0 = Debug|Win32
		{08401F37-8C13-4777-980C-DB495636E038}.Debug|x64.ActiveCfg = Debug|Win32
		{08401F37-8C13-4777-980C-DB495636E038}.Release + Test|Any CPU.ActiveCfg = Release|Win32
		{08401F37-8C13-4777-980C-DB495636E038}.Release + Test|Mixed Platforms.ActiveCfg = Release|Win32
		{08401F37-8C13-4777-980C-DB495636E038}.Release + Test|Mixed Platforms.Build.0 = Release|Win32
		{08401F37-8C13-4777-980C-DB495636E038}.Release + Test|Win32.ActiveCfg = Release|Win32
		{08401F37-8C13-4777-980C-DB495636E038}.Release + Test|Win32.Build.0 = Release|Win32
		{08401F37-8C13-4777-980C-DB495636E038}.Release + Test|x64.ActiveCfg = Release|Win32
		{08401F37-8C13-4777-980C-DB495636E038}.Release x64|Any CPU.ActiveCfg = Release|Win32
		{08401F37-8C13-4777-980C-DB495636E038}.Release x64|Mixed Platforms.ActiveCfg = Release|Win32
		{08401F37-8C13-4777-980C-DB495636E038}.Release x64|Mixed Platforms.Build.0 = Release|Win32
		{08401F37-8C13-4777-980C-DB495636E038}.Release x64|Win32.ActiveCfg = Release|Win32
		{08401F37-8C13-4777-980C-DB495636E038}.Release x64|Win32.Build.0 = Release|Win32
		{08401F37-8C13-4777-980C-DB495636E038}.Release x64|x64.ActiveCfg = Release|Win32
		{08401F37-8C13-4777-980C-DB495636E038}.Release|Any CPU.ActiveCfg = Release|Win32
		{08401F37-8C13-4777-980C-DB495636E038}.Release|Mixed Platforms.ActiveCfg = Release|Win32
		{08401F37-8C13-4777-980C-DB495636E038}.Release|Mixed Platforms.Build.0 = Release|Win32
		{08401F37-8C13-4777-980C-DB495636E038}.Release|Win32.ActiveCfg = Release|Win32
		{08401F37-8C13-4777-980C-DB495636E038}.Release|Win32.Build.0 = Release|Win32
		{08401F37-8C13-4777-980C-DB495636E038}.Release|x64.ActiveCfg = Release|x64
		{08401F37-8C13-4777-980C-DB495636E038}.Release|x64.Build.0 = Release|x64
		{F55C8FDA-9AC9-46A3-BCC4-1549043F15A2}.Debug + Test|Any CPU.ActiveCfg = Debug|Any CPU
		{F55C8FDA-9AC9-46A3-BCC4-1549043F15A2}.Debug + Test|Any CPU.Build.0 = Debug|Any CPU
		{F55C8FDA-9AC9-46A3-BCC4-1549043F15A2}.Debug + Test|Mixed Platforms.ActiveCfg = Debug|Any CPU
		{F55C8FDA-9AC9-46A3-BCC4-1549043F15A2}.Debug + Test|Mixed Platforms.Build.0 = Debug|Any CPU
		{F55C8FDA-9AC9-46A3-BCC4-1549043F15A2}.Debug + Test|Win32.ActiveCfg = Debug|Any CPU
		{F55C8FDA-9AC9-46A3-BCC4-1549043F15A2}.Debug + Test|x64.ActiveCfg = Debug|Any CPU
		{F55C8FDA-9AC9-46A3-BCC4-1549043F15A2}.Debug|Any CPU.ActiveCfg = Debug|Any CPU
		{F55C8FDA-9AC9-46A3-BCC4-1549043F15A2}.Debug|Any CPU.Build.0 = Debug|Any CPU
		{F55C8FDA-9AC9-46A3-BCC4-1549043F15A2}.Debug|Mixed Platforms.ActiveCfg = Debug|Any CPU
		{F55C8FDA-9AC9-46A3-BCC4-1549043F15A2}.Debug|Mixed Platforms.Build.0 = Debug|Any CPU
		{F55C8FDA-9AC9-46A3-BCC4-1549043F15A2}.Debug|Win32.ActiveCfg = Debug|Any CPU
		{F55C8FDA-9AC9-46A3-BCC4-1549043F15A2}.Debug|Win32.Build.0 = Debug|Any CPU
		{F55C8FDA-9AC9-46A3-BCC4-1549043F15A2}.Debug|x64.ActiveCfg = Debug|Any CPU
		{F55C8FDA-9AC9-46A3-BCC4-1549043F15A2}.Release + Test|Any CPU.ActiveCfg = Release|Any CPU
		{F55C8FDA-9AC9-46A3-BCC4-1549043F15A2}.Release + Test|Any CPU.Build.0 = Release|Any CPU
		{F55C8FDA-9AC9-46A3-BCC4-1549043F15A2}.Release + Test|Mixed Platforms.ActiveCfg = Release|Any CPU
		{F55C8FDA-9AC9-46A3-BCC4-1549043F15A2}.Release + Test|Mixed Platforms.Build.0 = Release|Any CPU
		{F55C8FDA-9AC9-46A3-BCC4-1549043F15A2}.Release + Test|Win32.ActiveCfg = Release|Any CPU
		{F55C8FDA-9AC9-46A3-BCC4-1549043F15A2}.Release + Test|x64.ActiveCfg = Release|Any CPU
		{F55C8FDA-9AC9-46A3-BCC4-1549043F15A2}.Release x64|Any CPU.ActiveCfg = Release|Any CPU
		{F55C8FDA-9AC9-46A3-BCC4-1549043F15A2}.Release x64|Any CPU.Build.0 = Release|Any CPU
		{F55C8FDA-9AC9-46A3-BCC4-1549043F15A2}.Release x64|Mixed Platforms.ActiveCfg = Release|Any CPU
		{F55C8FDA-9AC9-46A3-BCC4-1549043F15A2}.Release x64|Mixed Platforms.Build.0 = Release|Any CPU
		{F55C8FDA-9AC9-46A3-BCC4-1549043F15A2}.Release x64|Win32.ActiveCfg = Release|Any CPU
		{F55C8FDA-9AC9-46A3-BCC4-1549043F15A2}.Release x64|x64.ActiveCfg = Release|Any CPU
		{F55C8FDA-9AC9-46A3-BCC4-1549043F15A2}.Release|Any CPU.ActiveCfg = Release|Any CPU
		{F55C8FDA-9AC9-46A3-BCC4-1549043F15A2}.Release|Any CPU.Build.0 = Release|Any CPU
		{F55C8FDA-9AC9-46A3-BCC4-1549043F15A2}.Release|Mixed Platforms.ActiveCfg = Release|Any CPU
		{F55C8FDA-9AC9-46A3-BCC4-1549043F15A2}.Release|Mixed Platforms.Build.0 = Release|Any CPU
		{F55C8FDA-9AC9-46A3-BCC4-1549043F15A2}.Release|Win32.ActiveCfg = Release|Any CPU
		{F55C8FDA-9AC9-46A3-BCC4-1549043F15A2}.Release|x64.ActiveCfg = Release|Any CPU
	EndGlobalSection
	GlobalSection(SolutionProperties) = preSolution
		HideSolutionNode = FALSE
	EndGlobalSection
EndGlobal
